<?xml version="1.0" encoding="utf-8"?>
<Project ToolsVersion="4.0" xmlns="http://schemas.microsoft.com/developer/msbuild/2003">
  <ItemGroup>
    <Filter Include="Source Files">
      <UniqueIdentifier>{4FC737F1-C7A5-4376-A066-2A32D752A2FF}</UniqueIdentifier>
      <Extensions>cpp;c;cc;cxx;c++;cppm;ixx;def;odl;idl;hpj;bat;asm;asmx</Extensions>
    </Filter>
    <Filter Include="Header Files">
      <UniqueIdentifier>{93995380-89BD-4b04-88EB-625FBE52EBFB}</UniqueIdentifier>
      <Extensions>h;hh;hpp;hxx;h++;hm;inl;inc;ipp;xsd</Extensions>
    </Filter>
    <Filter Include="Resource Files">
      <UniqueIdentifier>{67DA6AB6-F800-4c08-8B7A-83BB121AAD01}</UniqueIdentifier>
      <Extensions>rc;ico;cur;bmp;dlg;rc2;rct;bin;rgs;gif;jpg;jpeg;jpe;resx;tiff;tif;png;wav;mfcribbon-ms</Extensions>
    </Filter>
    <Filter Include="Source Files\Network">
      <UniqueIdentifier>{0d6a48eb-d697-423b-947f-bf4fbf07d147}</UniqueIdentifier>
    </Filter>
    <Filter Include="Header Files\Network">
      <UniqueIdentifier>{aae4e8d8-be4f-4c93-9569-2e895b28fbbf}</UniqueIdentifier>
    </Filter>
    <Filter Include="Header Files\Game">
      <UniqueIdentifier>{73e4753f-89f0-4a9f-98b6-67f6570163ec}</UniqueIdentifier>
    </Filter>
    <Filter Include="Header Files\Account">
      <UniqueIdentifier>{671b5eab-6609-4f93-b0c0-efa085c6c66c}</UniqueIdentifier>
    </Filter>
    <Filter Include="Source Files\Game">
      <UniqueIdentifier>{ccd5bf8e-f186-4256-8d93-7945c8806a72}</UniqueIdentifier>
    </Filter>
    <Filter Include="Header Files\Packet">
      <UniqueIdentifier>{599f11a7-22b4-4ba6-a444-17df4db31673}</UniqueIdentifier>
    </Filter>
    <Filter Include="Source Files\Packet">
      <UniqueIdentifier>{587b8213-d4f2-4e0e-b039-5b0ed5638193}</UniqueIdentifier>
    </Filter>
    <Filter Include="Header Files\Database">
      <UniqueIdentifier>{578db1bb-cd0e-42b1-b006-e19d6ec84c31}</UniqueIdentifier>
    </Filter>
    <Filter Include="Source Files\Database">
      <UniqueIdentifier>{22d8a43c-f38d-4eb3-890b-8d8db48aadd8}</UniqueIdentifier>
    </Filter>
    <Filter Include="Header Files\Database\Table">
      <UniqueIdentifier>{5af70819-f39c-467a-a6ac-bdfea9599674}</UniqueIdentifier>
    </Filter>
    <Filter Include="Source Files\Database\Table">
      <UniqueIdentifier>{a2c5e0ad-66ca-4734-b2d8-851d00f11dcc}</UniqueIdentifier>
    </Filter>
  </ItemGroup>
  <ItemGroup>
    <ClCompile Include="Source\ScooterRoomServer.cpp">
      <Filter>Source Files</Filter>
    </ClCompile>
    <ClCompile Include="Source\Room.cpp">
      <Filter>Source Files\Game</Filter>
    </ClCompile>
    <ClCompile Include="Source\RoomManager.cpp">
      <Filter>Source Files\Game</Filter>
    </ClCompile>
    <ClCompile Include="Source\SessionHandlerBase.cpp">
      <Filter>Source Files\Network</Filter>
    </ClCompile>
    <ClCompile Include="Source\LobbySessionHandler.cpp">
      <Filter>Source Files\Network</Filter>
    </ClCompile>
    <ClCompile Include="Source\RoomSessionHandler.cpp">
      <Filter>Source Files\Network</Filter>
    </ClCompile>
    <ClCompile Include="Source\LobbyServer.cpp">
      <Filter>Source Files\Network</Filter>
    </ClCompile>
    <ClCompile Include="Source\RoomServer.cpp">
      <Filter>Source Files\Network</Filter>
    </ClCompile>
    <ClCompile Include="Source\ToLobbyPacketParser.cpp">
      <Filter>Source Files\Packet</Filter>
    </ClCompile>
    <ClCompile Include="Source\ToLobbyPacketHandler.cpp">
      <Filter>Source Files\Packet</Filter>
    </ClCompile>
    <ClCompile Include="Source\FromLobbyPacketWriter.cpp">
      <Filter>Source Files\Packet</Filter>
    </ClCompile>
    <ClCompile Include="Source\Sqlite.cpp">
      <Filter>Source Files\Database</Filter>
    </ClCompile>
    <ClCompile Include="Source\RdbSession.cpp">
      <Filter>Source Files\Database</Filter>
    </ClCompile>
    <ClCompile Include="Source\Database\Table\TableRoom.cpp">
      <Filter>Source Files\Database\Table</Filter>
    </ClCompile>
  </ItemGroup>
  <ItemGroup>
    <ClInclude Include="Source\Server.h">
      <Filter>Header Files\Network</Filter>
    </ClInclude>
    <ClInclude Include="Source\Room.h">
      <Filter>Header Files\Game</Filter>
    </ClInclude>
    <ClInclude Include="Source\RoomManager.h">
      <Filter>Header Files\Game</Filter>
    </ClInclude>
    <ClInclude Include="Source\Account.h">
      <Filter>Header Files\Account</Filter>
    </ClInclude>
    <ClInclude Include="Source\SessionHandlerBase.h">
      <Filter>Header Files\Network</Filter>
    </ClInclude>
    <ClInclude Include="Source\RoomSessionHandler.h">
      <Filter>Header Files\Network</Filter>
    </ClInclude>
    <ClInclude Include="Source\LobbySessionHandler.h">
      <Filter>Header Files\Network</Filter>
    </ClInclude>
    <ClInclude Include="Source\LobbyPacket.h">
      <Filter>Header Files\Packet</Filter>
    </ClInclude>
    <ClInclude Include="Source\PacketGroup.h">
      <Filter>Header Files\Packet</Filter>
    </ClInclude>
    <ClInclude Include="Source\ToLobbyPacketHandler.h">
      <Filter>Header Files\Packet</Filter>
    </ClInclude>
    <ClInclude Include="Source\IServer.h">
      <Filter>Header Files\Network</Filter>
    </ClInclude>
    <ClInclude Include="Source\ScooterSocketAcceptor.h">
      <Filter>Header Files\Network</Filter>
    </ClInclude>
    <ClInclude Include="Source\LobbyServer.h">
      <Filter>Header Files\Network</Filter>
    </ClInclude>
    <ClInclude Include="Source\RoomServer.h">
      <Filter>Header Files\Network</Filter>
    </ClInclude>
    <ClInclude Include="Source\FromLobbyPacketWriter.h">
      <Filter>Header Files\Packet</Filter>
    </ClInclude>
    <ClInclude Include="Source\ToLobbyPacketParser.h">
      <Filter>Header Files\Packet</Filter>
    </ClInclude>
    <ClInclude Include="Source\Sqlite.h">
      <Filter>Header Files\Database</Filter>
    </ClInclude>
    <ClInclude Include="Source\RdbSession.h">
      <Filter>Header Files\Database</Filter>
    </ClInclude>
    <ClInclude Include="Source\Database\Table\Entry.h">
      <Filter>Header Files\Database\Table</Filter>
    </ClInclude>
    <ClInclude Include="Source\Database\Table\TableRoom.h">
      <Filter>Header Files\Database\Table</Filter>
    </ClInclude>
  </ItemGroup>
</Project>